
Microsoft Visual Studio Solution File, Format Version 12.00
# Visual Studio Version 17
VisualStudioVersion = 17.6.33829.357
MinimumVisualStudioVersion = 10.0.40219.1
Project("{FAE04EC0-301F-11D3-BF4B-00C04F79EFBC}") = "CoreDemoYeni", "CoreDemoYeni\CoreDemoYeni.csproj", "{EE5D194F-8290-4C2D-8DE6-AF9A8E81B371}"
EndProject
Global
	GlobalSection(SolutionConfigurationPlatforms) = preSolution
		Debug|Any CPU = Debug|Any CPU
		Release|Any CPU = Release|Any CPU
	EndGlobalSection
	GlobalSection(ProjectConfigurationPlatforms) = postSolution
		{EE5D194F-8290-4C2D-8DE6-AF9A8E81B371}.Debug|Any CPU.ActiveCfg = Debug|Any CPU
		{EE5D194F-8290-4C2D-8DE6-AF9A8E81B371}.Debug|Any CPU.Build.0 = Debug|Any CPU
		{EE5D194F-8290-4C2D-8DE6-AF9A8E81B371}.Release|Any CPU.ActiveCfg = Release|Any CPU
		{EE5D194F-8290-4C2D-8DE6-AF9A8E81B371}.Release|Any CPU.Build.0 = Release|Any CPU
	EndGlobalSection
	GlobalSection(SolutionProperties) = preSolution
		HideSolutionNode = FALSE
	EndGlobalSection
	GlobalSection(ExtensibilityGlobals) = postSolution
		SolutionGuid = {6E98986A-6DD3-4EB3-910D-0093F4D340CB}
	EndGlobalSection
EndGlobal
